// !$*UTF8*$!
{
	archiveVersion = 1;
	classes = {
	};
	objectVersion = 52;
	objects = {

/* Begin PBXBuildFile section */
		12191A4024543AA400C8C10C /* CountryError.swift in Sources */ = {isa = PBXBuildFile; fileRef = 12191A3F24543AA400C8C10C /* CountryError.swift */; };
		12286B10244EE96200833CFE /* CountryEntity+CoreDataClass.swift in Sources */ = {isa = PBXBuildFile; fileRef = 12286B0E244EE96200833CFE /* CountryEntity+CoreDataClass.swift */; };
		12286B11244EE96200833CFE /* CountryEntity+CoreDataProperties.swift in Sources */ = {isa = PBXBuildFile; fileRef = 12286B0F244EE96200833CFE /* CountryEntity+CoreDataProperties.swift */; };
		12286B13244EF2F800833CFE /* UrlImage.swift in Sources */ = {isa = PBXBuildFile; fileRef = 12286B12244EF2F800833CFE /* UrlImage.swift */; };
		1242B77F244CD64B00FF7FE2 /* AppDelegate.swift in Sources */ = {isa = PBXBuildFile; fileRef = 1242B77E244CD64B00FF7FE2 /* AppDelegate.swift */; };
		1242B781244CD64B00FF7FE2 /* SceneDelegate.swift in Sources */ = {isa = PBXBuildFile; fileRef = 1242B780244CD64B00FF7FE2 /* SceneDelegate.swift */; };
		1242B784244CD64B00FF7FE2 /* Countries.xcdatamodeld in Sources */ = {isa = PBXBuildFile; fileRef = 1242B782244CD64B00FF7FE2 /* Countries.xcdatamodeld */; };
		1242B786244CD64B00FF7FE2 /* MainView.swift in Sources */ = {isa = PBXBuildFile; fileRef = 1242B785244CD64B00FF7FE2 /* MainView.swift */; };
		1242B788244CD64C00FF7FE2 /* Assets.xcassets in Resources */ = {isa = PBXBuildFile; fileRef = 1242B787244CD64C00FF7FE2 /* Assets.xcassets */; };
		1242B78B244CD64C00FF7FE2 /* Preview Assets.xcassets in Resources */ = {isa = PBXBuildFile; fileRef = 1242B78A244CD64C00FF7FE2 /* Preview Assets.xcassets */; };
		1242B78E244CD64C00FF7FE2 /* LaunchScreen.storyboard in Resources */ = {isa = PBXBuildFile; fileRef = 1242B78C244CD64C00FF7FE2 /* LaunchScreen.storyboard */; };
		124665E22450DEAC00335CFC /* GetFavoritesUseCase.swift in Sources */ = {isa = PBXBuildFile; fileRef = 124665E12450DEAC00335CFC /* GetFavoritesUseCase.swift */; };
		124665E42450E44200335CFC /* AddToFavoritesUseCase.swift in Sources */ = {isa = PBXBuildFile; fileRef = 124665E32450E44200335CFC /* AddToFavoritesUseCase.swift */; };
		124665E62450E85A00335CFC /* RemoveFromFavoritesUseCase.swift in Sources */ = {isa = PBXBuildFile; fileRef = 124665E52450E85A00335CFC /* RemoveFromFavoritesUseCase.swift */; };
		1272B5E3244CE001005088EF /* DetailsView.swift in Sources */ = {isa = PBXBuildFile; fileRef = 1272B5E2244CE001005088EF /* DetailsView.swift */; };
		1272B5E5244CE06C005088EF /* FavoritesView.swift in Sources */ = {isa = PBXBuildFile; fileRef = 1272B5E4244CE06C005088EF /* FavoritesView.swift */; };
		1272B5E7244CE16E005088EF /* CountriesView.swift in Sources */ = {isa = PBXBuildFile; fileRef = 1272B5E6244CE16E005088EF /* CountriesView.swift */; };
		1272B5EA244CE5E6005088EF /* CountriesViewModel.swift in Sources */ = {isa = PBXBuildFile; fileRef = 1272B5E9244CE5E6005088EF /* CountriesViewModel.swift */; };
		1272B5ED244CE923005088EF /* Country.swift in Sources */ = {isa = PBXBuildFile; fileRef = 1272B5EC244CE923005088EF /* Country.swift */; };
		1272B5EF244CEF4E005088EF /* ItemCountry.swift in Sources */ = {isa = PBXBuildFile; fileRef = 1272B5EE244CEF4E005088EF /* ItemCountry.swift */; };
		12CD89672454C256005DB73D /* Resolver in Frameworks */ = {isa = PBXBuildFile; productRef = 12CD89662454C256005DB73D /* Resolver */; };
		12CD89692454C33F005DB73D /* AppDelegate+Injection.swift in Sources */ = {isa = PBXBuildFile; fileRef = 12CD89682454C33F005DB73D /* AppDelegate+Injection.swift */; };
		12CD896B2454C423005DB73D /* DataSource+Injection.swift in Sources */ = {isa = PBXBuildFile; fileRef = 12CD896A2454C423005DB73D /* DataSource+Injection.swift */; };
		12CD896D2454C649005DB73D /* Repository+Injection.swift in Sources */ = {isa = PBXBuildFile; fileRef = 12CD896C2454C649005DB73D /* Repository+Injection.swift */; };
		12CD896F2454C860005DB73D /* UseCase+Injection.swift in Sources */ = {isa = PBXBuildFile; fileRef = 12CD896E2454C860005DB73D /* UseCase+Injection.swift */; };
		12D2DA4A244F6E640075F077 /* CountryRepository.swift in Sources */ = {isa = PBXBuildFile; fileRef = 12D2DA49244F6E640075F077 /* CountryRepository.swift */; };
		12D2DA4E244F6F000075F077 /* CountryRepositorympl.swift in Sources */ = {isa = PBXBuildFile; fileRef = 12D2DA4D244F6F000075F077 /* CountryRepositorympl.swift */; };
		12D2DA50244F6F930075F077 /* GetCountriesUseCase.swift in Sources */ = {isa = PBXBuildFile; fileRef = 12D2DA4F244F6F930075F077 /* GetCountriesUseCase.swift */; };
		12D2DA52244F72810075F077 /* CountryLocalDataSource.swift in Sources */ = {isa = PBXBuildFile; fileRef = 12D2DA51244F72810075F077 /* CountryLocalDataSource.swift */; };
		12D2DA54244F73840075F077 /* CountryRemoteDataSourceImpl.swift in Sources */ = {isa = PBXBuildFile; fileRef = 12D2DA53244F73840075F077 /* CountryRemoteDataSourceImpl.swift */; };
		12E9D03F24535D4A008F230A /* FavoritesViewModel.swift in Sources */ = {isa = PBXBuildFile; fileRef = 12E9D03E24535D4A008F230A /* FavoritesViewModel.swift */; };
		12E9D0412453602E008F230A /* GetCountryUseCase.swift in Sources */ = {isa = PBXBuildFile; fileRef = 12E9D0402453602E008F230A /* GetCountryUseCase.swift */; };
		12E9D0432453792B008F230A /* loader.json in Resources */ = {isa = PBXBuildFile; fileRef = 12E9D0422453792B008F230A /* loader.json */; };
		12EDC8912450502E0032F84E /* Lottie in Frameworks */ = {isa = PBXBuildFile; productRef = 12EDC8902450502E0032F84E /* Lottie */; };
		12EDC894245051570032F84E /* LottieView.swift in Sources */ = {isa = PBXBuildFile; fileRef = 12EDC893245051570032F84E /* LottieView.swift */; };
		12EDC8A32450640A0032F84E /* LottieLoaderView.swift in Sources */ = {isa = PBXBuildFile; fileRef = 12EDC8A22450640A0032F84E /* LottieLoaderView.swift */; };
		12EDC8A5245064900032F84E /* Loader.swift in Sources */ = {isa = PBXBuildFile; fileRef = 12EDC8A4245064900032F84E /* Loader.swift */; };
		12EDC8AD245090230032F84E /* CountryLocalDataSourceImpl.swift in Sources */ = {isa = PBXBuildFile; fileRef = 12EDC8AC245090230032F84E /* CountryLocalDataSourceImpl.swift */; };
		12EDC8B12450913F0032F84E /* CountryRemoteDataSource.swift in Sources */ = {isa = PBXBuildFile; fileRef = 12EDC8B02450913F0032F84E /* CountryRemoteDataSource.swift */; };
		12EDC8B42450D24C0032F84E /* CountryResponse.swift in Sources */ = {isa = PBXBuildFile; fileRef = 12EDC8B32450D24C0032F84E /* CountryResponse.swift */; };
/* End PBXBuildFile section */

/* Begin PBXFileReference section */
		12191A3F24543AA400C8C10C /* CountryError.swift */ = {isa = PBXFileReference; lastKnownFileType = sourcecode.swift; path = CountryError.swift; sourceTree = "<group>"; };
		12286B0E244EE96200833CFE /* CountryEntity+CoreDataClass.swift */ = {isa = PBXFileReference; lastKnownFileType = sourcecode.swift; path = "CountryEntity+CoreDataClass.swift"; sourceTree = "<group>"; };
		12286B0F244EE96200833CFE /* CountryEntity+CoreDataProperties.swift */ = {isa = PBXFileReference; lastKnownFileType = sourcecode.swift; path = "CountryEntity+CoreDataProperties.swift"; sourceTree = "<group>"; };
		12286B12244EF2F800833CFE /* UrlImage.swift */ = {isa = PBXFileReference; lastKnownFileType = sourcecode.swift; path = UrlImage.swift; sourceTree = "<group>"; };
		1242B77B244CD64B00FF7FE2 /* Countries.app */ = {isa = PBXFileReference; explicitFileType = wrapper.application; includeInIndex = 0; path = Countries.app; sourceTree = BUILT_PRODUCTS_DIR; };
		1242B77E244CD64B00FF7FE2 /* AppDelegate.swift */ = {isa = PBXFileReference; lastKnownFileType = sourcecode.swift; path = AppDelegate.swift; sourceTree = "<group>"; };
		1242B780244CD64B00FF7FE2 /* SceneDelegate.swift */ = {isa = PBXFileReference; lastKnownFileType = sourcecode.swift; path = SceneDelegate.swift; sourceTree = "<group>"; };
		1242B783244CD64B00FF7FE2 /* Countries.xcdatamodel */ = {isa = PBXFileReference; lastKnownFileType = wrapper.xcdatamodel; path = Countries.xcdatamodel; sourceTree = "<group>"; };
		1242B785244CD64B00FF7FE2 /* MainView.swift */ = {isa = PBXFileReference; lastKnownFileType = sourcecode.swift; path = MainView.swift; sourceTree = "<group>"; };
		1242B787244CD64C00FF7FE2 /* Assets.xcassets */ = {isa = PBXFileReference; lastKnownFileType = folder.assetcatalog; path = Assets.xcassets; sourceTree = "<group>"; };
		1242B78A244CD64C00FF7FE2 /* Preview Assets.xcassets */ = {isa = PBXFileReference; lastKnownFileType = folder.assetcatalog; path = "Preview Assets.xcassets"; sourceTree = "<group>"; };
		1242B78D244CD64C00FF7FE2 /* Base */ = {isa = PBXFileReference; lastKnownFileType = file.storyboard; name = Base; path = Base.lproj/LaunchScreen.storyboard; sourceTree = "<group>"; };
		1242B78F244CD64C00FF7FE2 /* Info.plist */ = {isa = PBXFileReference; lastKnownFileType = text.plist.xml; path = Info.plist; sourceTree = "<group>"; };
		124665E12450DEAC00335CFC /* GetFavoritesUseCase.swift */ = {isa = PBXFileReference; lastKnownFileType = sourcecode.swift; path = GetFavoritesUseCase.swift; sourceTree = "<group>"; };
		124665E32450E44200335CFC /* AddToFavoritesUseCase.swift */ = {isa = PBXFileReference; lastKnownFileType = sourcecode.swift; path = AddToFavoritesUseCase.swift; sourceTree = "<group>"; };
		124665E52450E85A00335CFC /* RemoveFromFavoritesUseCase.swift */ = {isa = PBXFileReference; lastKnownFileType = sourcecode.swift; path = RemoveFromFavoritesUseCase.swift; sourceTree = "<group>"; };
		1272B5E2244CE001005088EF /* DetailsView.swift */ = {isa = PBXFileReference; lastKnownFileType = sourcecode.swift; path = DetailsView.swift; sourceTree = "<group>"; };
		1272B5E4244CE06C005088EF /* FavoritesView.swift */ = {isa = PBXFileReference; lastKnownFileType = sourcecode.swift; path = FavoritesView.swift; sourceTree = "<group>"; };
		1272B5E6244CE16E005088EF /* CountriesView.swift */ = {isa = PBXFileReference; lastKnownFileType = sourcecode.swift; path = CountriesView.swift; sourceTree = "<group>"; };
		1272B5E9244CE5E6005088EF /* CountriesViewModel.swift */ = {isa = PBXFileReference; lastKnownFileType = sourcecode.swift; path = CountriesViewModel.swift; sourceTree = "<group>"; };
		1272B5EC244CE923005088EF /* Country.swift */ = {isa = PBXFileReference; lastKnownFileType = sourcecode.swift; path = Country.swift; sourceTree = "<group>"; };
		1272B5EE244CEF4E005088EF /* ItemCountry.swift */ = {isa = PBXFileReference; lastKnownFileType = sourcecode.swift; path = ItemCountry.swift; sourceTree = "<group>"; };
		12CD89682454C33F005DB73D /* AppDelegate+Injection.swift */ = {isa = PBXFileReference; lastKnownFileType = sourcecode.swift; path = "AppDelegate+Injection.swift"; sourceTree = "<group>"; };
		12CD896A2454C423005DB73D /* DataSource+Injection.swift */ = {isa = PBXFileReference; lastKnownFileType = sourcecode.swift; path = "DataSource+Injection.swift"; sourceTree = "<group>"; };
		12CD896C2454C649005DB73D /* Repository+Injection.swift */ = {isa = PBXFileReference; lastKnownFileType = sourcecode.swift; path = "Repository+Injection.swift"; sourceTree = "<group>"; };
		12CD896E2454C860005DB73D /* UseCase+Injection.swift */ = {isa = PBXFileReference; lastKnownFileType = sourcecode.swift; path = "UseCase+Injection.swift"; sourceTree = "<group>"; };
		12D2DA49244F6E640075F077 /* CountryRepository.swift */ = {isa = PBXFileReference; lastKnownFileType = sourcecode.swift; path = CountryRepository.swift; sourceTree = "<group>"; };
		12D2DA4D244F6F000075F077 /* CountryRepositorympl.swift */ = {isa = PBXFileReference; lastKnownFileType = sourcecode.swift; path = CountryRepositorympl.swift; sourceTree = "<group>"; };
		12D2DA4F244F6F930075F077 /* GetCountriesUseCase.swift */ = {isa = PBXFileReference; lastKnownFileType = sourcecode.swift; path = GetCountriesUseCase.swift; sourceTree = "<group>"; };
		12D2DA51244F72810075F077 /* CountryLocalDataSource.swift */ = {isa = PBXFileReference; lastKnownFileType = sourcecode.swift; path = CountryLocalDataSource.swift; sourceTree = "<group>"; };
		12D2DA53244F73840075F077 /* CountryRemoteDataSourceImpl.swift */ = {isa = PBXFileReference; lastKnownFileType = sourcecode.swift; path = CountryRemoteDataSourceImpl.swift; sourceTree = "<group>"; };
		12E9D03E24535D4A008F230A /* FavoritesViewModel.swift */ = {isa = PBXFileReference; lastKnownFileType = sourcecode.swift; path = FavoritesViewModel.swift; sourceTree = "<group>"; };
		12E9D0402453602E008F230A /* GetCountryUseCase.swift */ = {isa = PBXFileReference; lastKnownFileType = sourcecode.swift; path = GetCountryUseCase.swift; sourceTree = "<group>"; };
		12E9D0422453792B008F230A /* loader.json */ = {isa = PBXFileReference; fileEncoding = 4; lastKnownFileType = text.json; path = loader.json; sourceTree = "<group>"; };
		12EDC893245051570032F84E /* LottieView.swift */ = {isa = PBXFileReference; lastKnownFileType = sourcecode.swift; path = LottieView.swift; sourceTree = "<group>"; };
		12EDC8A22450640A0032F84E /* LottieLoaderView.swift */ = {isa = PBXFileReference; lastKnownFileType = sourcecode.swift; path = LottieLoaderView.swift; sourceTree = "<group>"; };
		12EDC8A4245064900032F84E /* Loader.swift */ = {isa = PBXFileReference; lastKnownFileType = sourcecode.swift; path = Loader.swift; sourceTree = "<group>"; };
		12EDC8AC245090230032F84E /* CountryLocalDataSourceImpl.swift */ = {isa = PBXFileReference; lastKnownFileType = sourcecode.swift; path = CountryLocalDataSourceImpl.swift; sourceTree = "<group>"; };
		12EDC8B02450913F0032F84E /* CountryRemoteDataSource.swift */ = {isa = PBXFileReference; lastKnownFileType = sourcecode.swift; path = CountryRemoteDataSource.swift; sourceTree = "<group>"; };
		12EDC8B32450D24C0032F84E /* CountryResponse.swift */ = {isa = PBXFileReference; lastKnownFileType = sourcecode.swift; path = CountryResponse.swift; sourceTree = "<group>"; };
/* End PBXFileReference section */

/* Begin PBXFrameworksBuildPhase section */
		1242B778244CD64B00FF7FE2 /* Frameworks */ = {
			isa = PBXFrameworksBuildPhase;
			buildActionMask = 2147483647;
			files = (
				12CD89672454C256005DB73D /* Resolver in Frameworks */,
				12EDC8912450502E0032F84E /* Lottie in Frameworks */,
			);
			runOnlyForDeploymentPostprocessing = 0;
		};
/* End PBXFrameworksBuildPhase section */

/* Begin PBXGroup section */
		12191A3E24543A6D00C8C10C /* Exception */ = {
			isa = PBXGroup;
			children = (
				12191A3F24543AA400C8C10C /* CountryError.swift */,
			);
			path = Exception;
			sourceTree = "<group>";
		};
		12286B14244EF44700833CFE /* Entity */ = {
			isa = PBXGroup;
			children = (
				12286B0E244EE96200833CFE /* CountryEntity+CoreDataClass.swift */,
				12286B0F244EE96200833CFE /* CountryEntity+CoreDataProperties.swift */,
			);
			path = Entity;
			sourceTree = "<group>";
		};
		12286B17244EF80500833CFE /* Domain */ = {
			isa = PBXGroup;
			children = (
				12191A3E24543A6D00C8C10C /* Exception */,
				12D2DA48244F6E390075F077 /* Abstraction */,
				12D2DA47244F6DEC0075F077 /* UseCase */,
				1272B5EB244CE910005088EF /* Model */,
			);
			path = Domain;
			sourceTree = "<group>";
		};
		12286B18244EF81800833CFE /* Presentation */ = {
			isa = PBXGroup;
			children = (
				1272B5E8244CE2DB005088EF /* ViewModel */,
				1272B5DF244CDFA0005088EF /* View */,
			);
			path = Presentation;
			sourceTree = "<group>";
		};
		12286B19244EF82A00833CFE /* Data */ = {
			isa = PBXGroup;
			children = (
				12D2DA4C244F6EC40075F077 /* DataSource */,
				12D2DA4B244F6EBA0075F077 /* Repository */,
			);
			path = Data;
			sourceTree = "<group>";
		};
		1242B772244CD64B00FF7FE2 = {
			isa = PBXGroup;
			children = (
				1242B77D244CD64B00FF7FE2 /* Countries */,
				1242B77C244CD64B00FF7FE2 /* Products */,
			);
			sourceTree = "<group>";
		};
		1242B77C244CD64B00FF7FE2 /* Products */ = {
			isa = PBXGroup;
			children = (
				1242B77B244CD64B00FF7FE2 /* Countries.app */,
			);
			name = Products;
			sourceTree = "<group>";
		};
		1242B77D244CD64B00FF7FE2 /* Countries */ = {
			isa = PBXGroup;
			children = (
				12286B18244EF81800833CFE /* Presentation */,
				12286B17244EF80500833CFE /* Domain */,
				12286B19244EF82A00833CFE /* Data */,
				1242B77E244CD64B00FF7FE2 /* AppDelegate.swift */,
				12CD89682454C33F005DB73D /* AppDelegate+Injection.swift */,
				1242B780244CD64B00FF7FE2 /* SceneDelegate.swift */,
				1242B787244CD64C00FF7FE2 /* Assets.xcassets */,
				1242B78C244CD64C00FF7FE2 /* LaunchScreen.storyboard */,
				1242B78F244CD64C00FF7FE2 /* Info.plist */,
				1242B789244CD64C00FF7FE2 /* Preview Content */,
			);
			path = Countries;
			sourceTree = "<group>";
		};
		1242B789244CD64C00FF7FE2 /* Preview Content */ = {
			isa = PBXGroup;
			children = (
				1242B78A244CD64C00FF7FE2 /* Preview Assets.xcassets */,
			);
			path = "Preview Content";
			sourceTree = "<group>";
		};
		1272B5DF244CDFA0005088EF /* View */ = {
			isa = PBXGroup;
			children = (
				12EDC892245051380032F84E /* Lottie */,
				1272B5F0244CEF54005088EF /* Custom */,
				1242B785244CD64B00FF7FE2 /* MainView.swift */,
				1272B5E6244CE16E005088EF /* CountriesView.swift */,
				1272B5E2244CE001005088EF /* DetailsView.swift */,
				1272B5E4244CE06C005088EF /* FavoritesView.swift */,
			);
			path = View;
			sourceTree = "<group>";
		};
		1272B5E8244CE2DB005088EF /* ViewModel */ = {
			isa = PBXGroup;
			children = (
				1272B5E9244CE5E6005088EF /* CountriesViewModel.swift */,
				12E9D03E24535D4A008F230A /* FavoritesViewModel.swift */,
			);
			path = ViewModel;
			sourceTree = "<group>";
		};
		1272B5EB244CE910005088EF /* Model */ = {
			isa = PBXGroup;
			children = (
				1272B5EC244CE923005088EF /* Country.swift */,
			);
			path = Model;
			sourceTree = "<group>";
		};
		1272B5F0244CEF54005088EF /* Custom */ = {
			isa = PBXGroup;
			children = (
				1272B5EE244CEF4E005088EF /* ItemCountry.swift */,
				12286B12244EF2F800833CFE /* UrlImage.swift */,
				12EDC8A4245064900032F84E /* Loader.swift */,
			);
			path = Custom;
			sourceTree = "<group>";
		};
		12D2DA47244F6DEC0075F077 /* UseCase */ = {
			isa = PBXGroup;
			children = (
				124665E12450DEAC00335CFC /* GetFavoritesUseCase.swift */,
				124665E52450E85A00335CFC /* RemoveFromFavoritesUseCase.swift */,
				124665E32450E44200335CFC /* AddToFavoritesUseCase.swift */,
				12D2DA4F244F6F930075F077 /* GetCountriesUseCase.swift */,
				12E9D0402453602E008F230A /* GetCountryUseCase.swift */,
				12CD896E2454C860005DB73D /* UseCase+Injection.swift */,
			);
			path = UseCase;
			sourceTree = "<group>";
		};
		12D2DA48244F6E390075F077 /* Abstraction */ = {
			isa = PBXGroup;
			children = (
				12D2DA49244F6E640075F077 /* CountryRepository.swift */,
			);
			path = Abstraction;
			sourceTree = "<group>";
		};
		12D2DA4B244F6EBA0075F077 /* Repository */ = {
			isa = PBXGroup;
			children = (
				12D2DA4D244F6F000075F077 /* CountryRepositorympl.swift */,
				12CD896C2454C649005DB73D /* Repository+Injection.swift */,
			);
			path = Repository;
			sourceTree = "<group>";
		};
		12D2DA4C244F6EC40075F077 /* DataSource */ = {
			isa = PBXGroup;
			children = (
				12EDC8AF2450912E0032F84E /* Remote */,
				12EDC8AE245091260032F84E /* Local */,
				12CD896A2454C423005DB73D /* DataSource+Injection.swift */,
			);
			path = DataSource;
			sourceTree = "<group>";
		};
		12EDC892245051380032F84E /* Lottie */ = {
			isa = PBXGroup;
			children = (
				12E9D0422453792B008F230A /* loader.json */,
				12EDC8A22450640A0032F84E /* LottieLoaderView.swift */,
				12EDC893245051570032F84E /* LottieView.swift */,
			);
			path = Lottie;
			sourceTree = "<group>";
		};
		12EDC8AE245091260032F84E /* Local */ = {
			isa = PBXGroup;
			children = (
				12EDC8B52450D7A10032F84E /* Database */,
				12D2DA51244F72810075F077 /* CountryLocalDataSource.swift */,
				12EDC8AC245090230032F84E /* CountryLocalDataSourceImpl.swift */,
			);
			path = Local;
			sourceTree = "<group>";
		};
		12EDC8AF2450912E0032F84E /* Remote */ = {
			isa = PBXGroup;
			children = (
				12EDC8B22450D21E0032F84E /* Model */,
				12EDC8B02450913F0032F84E /* CountryRemoteDataSource.swift */,
				12D2DA53244F73840075F077 /* CountryRemoteDataSourceImpl.swift */,
			);
			path = Remote;
			sourceTree = "<group>";
		};
		12EDC8B22450D21E0032F84E /* Model */ = {
			isa = PBXGroup;
			children = (
				12EDC8B32450D24C0032F84E /* CountryResponse.swift */,
			);
			path = Model;
			sourceTree = "<group>";
		};
		12EDC8B52450D7A10032F84E /* Database */ = {
			isa = PBXGroup;
			children = (
				12286B14244EF44700833CFE /* Entity */,
				1242B782244CD64B00FF7FE2 /* Countries.xcdatamodeld */,
			);
			path = Database;
			sourceTree = "<group>";
		};
/* End PBXGroup section */

/* Begin PBXNativeTarget section */
		1242B77A244CD64B00FF7FE2 /* Countries */ = {
			isa = PBXNativeTarget;
			buildConfigurationList = 1242B792244CD64C00FF7FE2 /* Build configuration list for PBXNativeTarget "Countries" */;
			buildPhases = (
				1242B777244CD64B00FF7FE2 /* Sources */,
				1242B778244CD64B00FF7FE2 /* Frameworks */,
				1242B779244CD64B00FF7FE2 /* Resources */,
			);
			buildRules = (
			);
			dependencies = (
			);
			name = Countries;
			packageProductDependencies = (
				12EDC8902450502E0032F84E /* Lottie */,
				12CD89662454C256005DB73D /* Resolver */,
			);
			productName = Countries;
			productReference = 1242B77B244CD64B00FF7FE2 /* Countries.app */;
			productType = "com.apple.product-type.application";
		};
/* End PBXNativeTarget section */

/* Begin PBXProject section */
		1242B773244CD64B00FF7FE2 /* Project object */ = {
			isa = PBXProject;
			attributes = {
				LastSwiftUpdateCheck = 1140;
				LastUpgradeCheck = 1140;
				ORGANIZATIONNAME = Sengsathit;
				TargetAttributes = {
					1242B77A244CD64B00FF7FE2 = {
						CreatedOnToolsVersion = 11.4.1;
					};
				};
			};
			buildConfigurationList = 1242B776244CD64B00FF7FE2 /* Build configuration list for PBXProject "Countries" */;
			compatibilityVersion = "Xcode 9.3";
			developmentRegion = en;
			hasScannedForEncodings = 0;
			knownRegions = (
				en,
				Base,
			);
			mainGroup = 1242B772244CD64B00FF7FE2;
			packageReferences = (
				12EDC88F2450502E0032F84E /* XCRemoteSwiftPackageReference "lottie-ios" */,
				12CD89652454C256005DB73D /* XCRemoteSwiftPackageReference "Resolver" */,
			);
			productRefGroup = 1242B77C244CD64B00FF7FE2 /* Products */;
			projectDirPath = "";
			projectRoot = "";
			targets = (
				1242B77A244CD64B00FF7FE2 /* Countries */,
			);
		};
/* End PBXProject section */

/* Begin PBXResourcesBuildPhase section */
		1242B779244CD64B00FF7FE2 /* Resources */ = {
			isa = PBXResourcesBuildPhase;
			buildActionMask = 2147483647;
			files = (
				1242B78E244CD64C00FF7FE2 /* LaunchScreen.storyboard in Resources */,
				1242B78B244CD64C00FF7FE2 /* Preview Assets.xcassets in Resources */,
				12E9D0432453792B008F230A /* loader.json in Resources */,
				1242B788244CD64C00FF7FE2 /* Assets.xcassets in Resources */,
			);
			runOnlyForDeploymentPostprocessing = 0;
		};
/* End PBXResourcesBuildPhase section */

/* Begin PBXSourcesBuildPhase section */
		1242B777244CD64B00FF7FE2 /* Sources */ = {
			isa = PBXSourcesBuildPhase;
			buildActionMask = 2147483647;
			files = (
				12CD89692454C33F005DB73D /* AppDelegate+Injection.swift in Sources */,
				12CD896D2454C649005DB73D /* Repository+Injection.swift in Sources */,
				12E9D03F24535D4A008F230A /* FavoritesViewModel.swift in Sources */,
				124665E62450E85A00335CFC /* RemoveFromFavoritesUseCase.swift in Sources */,
				1272B5E3244CE001005088EF /* DetailsView.swift in Sources */,
				12EDC8B12450913F0032F84E /* CountryRemoteDataSource.swift in Sources */,
				12EDC8A32450640A0032F84E /* LottieLoaderView.swift in Sources */,
				12D2DA54244F73840075F077 /* CountryRemoteDataSourceImpl.swift in Sources */,
				12CD896F2454C860005DB73D /* UseCase+Injection.swift in Sources */,
				124665E42450E44200335CFC /* AddToFavoritesUseCase.swift in Sources */,
				1272B5ED244CE923005088EF /* Country.swift in Sources */,
				12D2DA4E244F6F000075F077 /* CountryRepositorympl.swift in Sources */,
				1242B77F244CD64B00FF7FE2 /* AppDelegate.swift in Sources */,
				12286B11244EE96200833CFE /* CountryEntity+CoreDataProperties.swift in Sources */,
				12286B10244EE96200833CFE /* CountryEntity+CoreDataClass.swift in Sources */,
				12EDC8AD245090230032F84E /* CountryLocalDataSourceImpl.swift in Sources */,
				12EDC8A5245064900032F84E /* Loader.swift in Sources */,
				12EDC894245051570032F84E /* LottieView.swift in Sources */,
				1242B784244CD64B00FF7FE2 /* Countries.xcdatamodeld in Sources */,
				12286B13244EF2F800833CFE /* UrlImage.swift in Sources */,
				1272B5EA244CE5E6005088EF /* CountriesViewModel.swift in Sources */,
				124665E22450DEAC00335CFC /* GetFavoritesUseCase.swift in Sources */,
				1272B5E5244CE06C005088EF /* FavoritesView.swift in Sources */,
				12D2DA50244F6F930075F077 /* GetCountriesUseCase.swift in Sources */,
				12D2DA4A244F6E640075F077 /* CountryRepository.swift in Sources */,
				12E9D0412453602E008F230A /* GetCountryUseCase.swift in Sources */,
				1272B5EF244CEF4E005088EF /* ItemCountry.swift in Sources */,
				12CD896B2454C423005DB73D /* DataSource+Injection.swift in Sources */,
				1272B5E7244CE16E005088EF /* CountriesView.swift in Sources */,
				1242B786244CD64B00FF7FE2 /* MainView.swift in Sources */,
				1242B781244CD64B00FF7FE2 /* SceneDelegate.swift in Sources */,
				12191A4024543AA400C8C10C /* CountryError.swift in Sources */,
				12EDC8B42450D24C0032F84E /* CountryResponse.swift in Sources */,
				12D2DA52244F72810075F077 /* CountryLocalDataSource.swift in Sources */,
			);
			runOnlyForDeploymentPostprocessing = 0;
		};
/* End PBXSourcesBuildPhase section */

/* Begin PBXVariantGroup section */
		1242B78C244CD64C00FF7FE2 /* LaunchScreen.storyboard */ = {
			isa = PBXVariantGroup;
			children = (
				1242B78D244CD64C00FF7FE2 /* Base */,
			);
			name = LaunchScreen.storyboard;
			sourceTree = "<group>";
		};
/* End PBXVariantGroup section */

/* Begin XCBuildConfiguration section */
		1242B790244CD64C00FF7FE2 /* Debug */ = {
			isa = XCBuildConfiguration;
			buildSettings = {
				ALWAYS_SEARCH_USER_PATHS = NO;
				CLANG_ANALYZER_NONNULL = YES;
				CLANG_ANALYZER_NUMBER_OBJECT_CONVERSION = YES_AGGRESSIVE;
				CLANG_CXX_LANGUAGE_STANDARD = "gnu++14";
				CLANG_CXX_LIBRARY = "libc++";
				CLANG_ENABLE_MODULES = YES;
				CLANG_ENABLE_OBJC_ARC = YES;
				CLANG_ENABLE_OBJC_WEAK = YES;
				CLANG_WARN_BLOCK_CAPTURE_AUTORELEASING = YES;
				CLANG_WARN_BOOL_CONVERSION = YES;
				CLANG_WARN_COMMA = YES;
				CLANG_WARN_CONSTANT_CONVERSION = YES;
				CLANG_WARN_DEPRECATED_OBJC_IMPLEMENTATIONS = YES;
				CLANG_WARN_DIRECT_OBJC_ISA_USAGE = YES_ERROR;
				CLANG_WARN_DOCUMENTATION_COMMENTS = YES;
				CLANG_WARN_EMPTY_BODY = YES;
				CLANG_WARN_ENUM_CONVERSION = YES;
				CLANG_WARN_INFINITE_RECURSION = YES;
				CLANG_WARN_INT_CONVERSION = YES;
				CLANG_WARN_NON_LITERAL_NULL_CONVERSION = YES;
				CLANG_WARN_OBJC_IMPLICIT_RETAIN_SELF = YES;
				CLANG_WARN_OBJC_LITERAL_CONVERSION = YES;
				CLANG_WARN_OBJC_ROOT_CLASS = YES_ERROR;
				CLANG_WARN_RANGE_LOOP_ANALYSIS = YES;
				CLANG_WARN_STRICT_PROTOTYPES = YES;
				CLANG_WARN_SUSPICIOUS_MOVE = YES;
				CLANG_WARN_UNGUARDED_AVAILABILITY = YES_AGGRESSIVE;
				CLANG_WARN_UNREACHABLE_CODE = YES;
				CLANG_WARN__DUPLICATE_METHOD_MATCH = YES;
				COPY_PHASE_STRIP = NO;
				DEBUG_INFORMATION_FORMAT = dwarf;
				ENABLE_STRICT_OBJC_MSGSEND = YES;
				ENABLE_TESTABILITY = YES;
				GCC_C_LANGUAGE_STANDARD = gnu11;
				GCC_DYNAMIC_NO_PIC = NO;
				GCC_NO_COMMON_BLOCKS = YES;
				GCC_OPTIMIZATION_LEVEL = 0;
				GCC_PREPROCESSOR_DEFINITIONS = (
					"DEBUG=1",
					"$(inherited)",
				);
				GCC_WARN_64_TO_32_BIT_CONVERSION = YES;
				GCC_WARN_ABOUT_RETURN_TYPE = YES_ERROR;
				GCC_WARN_UNDECLARED_SELECTOR = YES;
				GCC_WARN_UNINITIALIZED_AUTOS = YES_AGGRESSIVE;
				GCC_WARN_UNUSED_FUNCTION = YES;
				GCC_WARN_UNUSED_VARIABLE = YES;
				IPHONEOS_DEPLOYMENT_TARGET = 13.4;
				MTL_ENABLE_DEBUG_INFO = INCLUDE_SOURCE;
				MTL_FAST_MATH = YES;
				ONLY_ACTIVE_ARCH = YES;
				SDKROOT = iphoneos;
				SWIFT_ACTIVE_COMPILATION_CONDITIONS = DEBUG;
				SWIFT_OPTIMIZATION_LEVEL = "-Onone";
			};
			name = Debug;
		};
		1242B791244CD64C00FF7FE2 /* Release */ = {
			isa = XCBuildConfiguration;
			buildSettings = {
				ALWAYS_SEARCH_USER_PATHS = NO;
				CLANG_ANALYZER_NONNULL = YES;
				CLANG_ANALYZER_NUMBER_OBJECT_CONVERSION = YES_AGGRESSIVE;
				CLANG_CXX_LANGUAGE_STANDARD = "gnu++14";
				CLANG_CXX_LIBRARY = "libc++";
				CLANG_ENABLE_MODULES = YES;
				CLANG_ENABLE_OBJC_ARC = YES;
				CLANG_ENABLE_OBJC_WEAK = YES;
				CLANG_WARN_BLOCK_CAPTURE_AUTORELEASING = YES;
				CLANG_WARN_BOOL_CONVERSION = YES;
				CLANG_WARN_COMMA = YES;
				CLANG_WARN_CONSTANT_CONVERSION = YES;
				CLANG_WARN_DEPRECATED_OBJC_IMPLEMENTATIONS = YES;
				CLANG_WARN_DIRECT_OBJC_ISA_USAGE = YES_ERROR;
				CLANG_WARN_DOCUMENTATION_COMMENTS = YES;
				CLANG_WARN_EMPTY_BODY = YES;
				CLANG_WARN_ENUM_CONVERSION = YES;
				CLANG_WARN_INFINITE_RECURSION = YES;
				CLANG_WARN_INT_CONVERSION = YES;
				CLANG_WARN_NON_LITERAL_NULL_CONVERSION = YES;
				CLANG_WARN_OBJC_IMPLICIT_RETAIN_SELF = YES;
				CLANG_WARN_OBJC_LITERAL_CONVERSION = YES;
				CLANG_WARN_OBJC_ROOT_CLASS = YES_ERROR;
				CLANG_WARN_RANGE_LOOP_ANALYSIS = YES;
				CLANG_WARN_STRICT_PROTOTYPES = YES;
				CLANG_WARN_SUSPICIOUS_MOVE = YES;
				CLANG_WARN_UNGUARDED_AVAILABILITY = YES_AGGRESSIVE;
				CLANG_WARN_UNREACHABLE_CODE = YES;
				CLANG_WARN__DUPLICATE_METHOD_MATCH = YES;
				COPY_PHASE_STRIP = NO;
				DEBUG_INFORMATION_FORMAT = "dwarf-with-dsym";
				ENABLE_NS_ASSERTIONS = NO;
				ENABLE_STRICT_OBJC_MSGSEND = YES;
				GCC_C_LANGUAGE_STANDARD = gnu11;
				GCC_NO_COMMON_BLOCKS = YES;
				GCC_WARN_64_TO_32_BIT_CONVERSION = YES;
				GCC_WARN_ABOUT_RETURN_TYPE = YES_ERROR;
				GCC_WARN_UNDECLARED_SELECTOR = YES;
				GCC_WARN_UNINITIALIZED_AUTOS = YES_AGGRESSIVE;
				GCC_WARN_UNUSED_FUNCTION = YES;
				GCC_WARN_UNUSED_VARIABLE = YES;
				IPHONEOS_DEPLOYMENT_TARGET = 13.4;
				MTL_ENABLE_DEBUG_INFO = NO;
				MTL_FAST_MATH = YES;
				SDKROOT = iphoneos;
				SWIFT_COMPILATION_MODE = wholemodule;
				SWIFT_OPTIMIZATION_LEVEL = "-O";
				VALIDATE_PRODUCT = YES;
			};
			name = Release;
		};
		1242B793244CD64C00FF7FE2 /* Debug */ = {
			isa = XCBuildConfiguration;
			buildSettings = {
				ASSETCATALOG_COMPILER_APPICON_NAME = AppIcon;
				CODE_SIGN_STYLE = Automatic;
				DEVELOPMENT_ASSET_PATHS = "\"Countries/Preview Content\"";
				DEVELOPMENT_TEAM = 4CD53PWFSV;
				ENABLE_PREVIEWS = YES;
				INFOPLIST_FILE = Countries/Info.plist;
				LD_RUNPATH_SEARCH_PATHS = (
					"$(inherited)",
					"@executable_path/Frameworks",
				);
				PRODUCT_BUNDLE_IDENTIFIER = kodizfun.Countries;
				PRODUCT_NAME = "$(TARGET_NAME)";
				SWIFT_VERSION = 5.0;
				TARGETED_DEVICE_FAMILY = 1;
			};
			name = Debug;
		};
		1242B794244CD64C00FF7FE2 /* Release */ = {
			isa = XCBuildConfiguration;
			buildSettings = {
				ASSETCATALOG_COMPILER_APPICON_NAME = AppIcon;
				CODE_SIGN_STYLE = Automatic;
				DEVELOPMENT_ASSET_PATHS = "\"Countries/Preview Content\"";
				DEVELOPMENT_TEAM = 4CD53PWFSV;
				ENABLE_PREVIEWS = YES;
				INFOPLIST_FILE = Countries/Info.plist;
				LD_RUNPATH_SEARCH_PATHS = (
					"$(inherited)",
					"@executable_path/Frameworks",
				);
				PRODUCT_BUNDLE_IDENTIFIER = kodizfun.Countries;
				PRODUCT_NAME = "$(TARGET_NAME)";
				SWIFT_VERSION = 5.0;
				TARGETED_DEVICE_FAMILY = 1;
			};
			name = Release;
		};
/* End XCBuildConfiguration section */

/* Begin XCConfigurationList section */
		1242B776244CD64B00FF7FE2 /* Build configuration list for PBXProject "Countries" */ = {
			isa = XCConfigurationList;
			buildConfigurations = (
				1242B790244CD64C00FF7FE2 /* Debug */,
				1242B791244CD64C00FF7FE2 /* Release */,
			);
			defaultConfigurationIsVisible = 0;
			defaultConfigurationName = Release;
		};
		1242B792244CD64C00FF7FE2 /* Build configuration list for PBXNativeTarget "Countries" */ = {
			isa = XCConfigurationList;
			buildConfigurations = (
				1242B793244CD64C00FF7FE2 /* Debug */,
				1242B794244CD64C00FF7FE2 /* Release */,
			);
			defaultConfigurationIsVisible = 0;
			defaultConfigurationName = Release;
		};
/* End XCConfigurationList section */

/* Begin XCRemoteSwiftPackageReference section */
		12CD89652454C256005DB73D /* XCRemoteSwiftPackageReference "Resolver" */ = {
			isa = XCRemoteSwiftPackageReference;
			repositoryURL = "git@github.com:hmlongco/Resolver.git";
			requirement = {
				kind = upToNextMajorVersion;
				minimumVersion = 1.1.2;
			};
		};
		12EDC88F2450502E0032F84E /* XCRemoteSwiftPackageReference "lottie-ios" */ = {
			isa = XCRemoteSwiftPackageReference;
			repositoryURL = "git@github.com:airbnb/lottie-ios.git";
			requirement = {
				kind = upToNextMajorVersion;
				minimumVersion = 3.1.6;
			};
		};
/* End XCRemoteSwiftPackageReference section */

/* Begin XCSwiftPackageProductDependency section */
		12CD89662454C256005DB73D /* Resolver */ = {
			isa = XCSwiftPackageProductDependency;
			package = 12CD89652454C256005DB73D /* XCRemoteSwiftPackageReference "Resolver" */;
			productName = Resolver;
		};
		12EDC8902450502E0032F84E /* Lottie */ = {
			isa = XCSwiftPackageProductDependency;
			package = 12EDC88F2450502E0032F84E /* XCRemoteSwiftPackageReference "lottie-ios" */;
			productName = Lottie;
		};
/* End XCSwiftPackageProductDependency section */

/* Begin XCVersionGroup section */
		1242B782244CD64B00FF7FE2 /* Countries.xcdatamodeld */ = {
			isa = XCVersionGroup;
			children = (
				1242B783244CD64B00FF7FE2 /* Countries.xcdatamodel */,
			);
			currentVersion = 1242B783244CD64B00FF7FE2 /* Countries.xcdatamodel */;
			path = Countries.xcdatamodeld;
			sourceTree = "<group>";
			versionGroupType = wrapper.xcdatamodel;
		};
/* End XCVersionGroup section */
	};
	rootObject = 1242B773244CD64B00FF7FE2 /* Project object */;
}
